
Microsoft Visual Studio Solution File, Format Version 12.00
# Visual Studio Version 17
VisualStudioVersion = 17.6.33829.357
MinimumVisualStudioVersion = 10.0.40219.1
Project("{888888A0-9F3D-457C-B088-3A5042F75D52}") = "voice", "voice.pyproj", "{D5306E39-4EC1-4B27-94C2-45FE2F38F0E0}"
EndProject
Global
	GlobalSection(SolutionConfigurationPlatforms) = preSolution
		Debug|Any CPU = Debug|Any CPU
		Release|Any CPU = Release|Any CPU
	EndGlobalSection
	GlobalSection(ProjectConfigurationPlatforms) = postSolution
		{D5306E39-4EC1-4B27-94C2-45FE2F38F0E0}.Debug|Any CPU.ActiveCfg = Debug|Any CPU
		{D5306E39-4EC1-4B27-94C2-45FE2F38F0E0}.Release|Any CPU.ActiveCfg = Release|Any CPU
	EndGlobalSection
	GlobalSection(SolutionProperties) = preSolution
		HideSolutionNode = FALSE
	EndGlobalSection
	GlobalSection(ExtensibilityGlobals) = postSolution
		SolutionGuid = {D9F7B7C1-56A6-4132-B64C-6680FE4920AE}
	EndGlobalSection
EndGlobal
